
Microsoft Visual Studio Solution File, Format Version 12.00
# Visual Studio Version 16
VisualStudioVersion = 16.0.33920.266
MinimumVisualStudioVersion = 10.0.40219.1
Project("{FAE04EC0-301F-11D3-BF4B-00C04F79EFBC}") = "testeEsig", "testeEsig\testeEsig.csproj", "{6E2140BC-7842-49D5-9BFD-BD191F460FA9}"
EndProject
Global
	GlobalSection(SolutionConfigurationPlatforms) = preSolution
		Debug|Any CPU = Debug|Any CPU
		Release|Any CPU = Release|Any CPU
	EndGlobalSection
	GlobalSection(ProjectConfigurationPlatforms) = postSolution
		{6E2140BC-7842-49D5-9BFD-BD191F460FA9}.Debug|Any CPU.ActiveCfg = Debug|Any CPU
		{6E2140BC-7842-49D5-9BFD-BD191F460FA9}.Debug|Any CPU.Build.0 = Debug|Any CPU
		{6E2140BC-7842-49D5-9BFD-BD191F460FA9}.Release|Any CPU.ActiveCfg = Release|Any CPU
		{6E2140BC-7842-49D5-9BFD-BD191F460FA9}.Release|Any CPU.Build.0 = Release|Any CPU
	EndGlobalSection
	GlobalSection(SolutionProperties) = preSolution
		HideSolutionNode = FALSE
	EndGlobalSection
	GlobalSection(ExtensibilityGlobals) = postSolution
		SolutionGuid = {80C20D97-0169-4B69-B954-371268C582C2}
	EndGlobalSection
EndGlobal
